// !$*UTF8*$!
{
	archiveVersion = 1;
	classes = {
	};
	objectVersion = 48;
	objects = {

/* Begin PBXBuildFile section */
		11CDD7E91F905A37007EBF2F /* CoreLocation.framework in Frameworks */ = {isa = PBXBuildFile; fileRef = 11CDD7E81F905A37007EBF2F /* CoreLocation.framework */; };
		16206800C2D7BF95555F7816 /* Pods_ULTURNative_RoutesUITests.framework in Frameworks */ = {isa = PBXBuildFile; fileRef = 25589E27D15ACB035C920C9E /* Pods_ULTURNative_RoutesUITests.framework */; };
		73FF996435DB06EF65E8950B /* Pods_ULTURNative_RoutesTests.framework in Frameworks */ = {isa = PBXBuildFile; fileRef = 7C4AAE162D3FB8D6F428C4CA /* Pods_ULTURNative_RoutesTests.framework */; };
		C93FC3FA1F8832D600E19D10 /* MapKit.framework in Frameworks */ = {isa = PBXBuildFile; fileRef = C93FC3F91F8832D600E19D10 /* MapKit.framework */; };
		CE7AB62D1F7EF93200BCC383 /* AppDelegate.swift in Sources */ = {isa = PBXBuildFile; fileRef = CE7AB62C1F7EF93200BCC383 /* AppDelegate.swift */; };
		CE7AB62F1F7EF93200BCC383 /* ViewController.swift in Sources */ = {isa = PBXBuildFile; fileRef = CE7AB62E1F7EF93200BCC383 /* ViewController.swift */; };
		CE7AB6321F7EF93200BCC383 /* Main.storyboard in Resources */ = {isa = PBXBuildFile; fileRef = CE7AB6301F7EF93200BCC383 /* Main.storyboard */; };
		CE7AB6341F7EF93200BCC383 /* Assets.xcassets in Resources */ = {isa = PBXBuildFile; fileRef = CE7AB6331F7EF93200BCC383 /* Assets.xcassets */; };
		CE7AB6371F7EF93200BCC383 /* LaunchScreen.storyboard in Resources */ = {isa = PBXBuildFile; fileRef = CE7AB6351F7EF93200BCC383 /* LaunchScreen.storyboard */; };
		CE7AB6421F7EF93200BCC383 /* ULTURNative_RoutesTests.swift in Sources */ = {isa = PBXBuildFile; fileRef = CE7AB6411F7EF93200BCC383 /* ULTURNative_RoutesTests.swift */; };
		CE7AB64D1F7EF93200BCC383 /* ULTURNative_RoutesUITests.swift in Sources */ = {isa = PBXBuildFile; fileRef = CE7AB64C1F7EF93200BCC383 /* ULTURNative_RoutesUITests.swift */; };
		ED3FDF189239C2A3DD4E5936 /* Pods_ULTURNative_Routes.framework in Frameworks */ = {isa = PBXBuildFile; fileRef = 8F4127894D99231BA9692329 /* Pods_ULTURNative_Routes.framework */; };
/* End PBXBuildFile section */

/* Begin PBXContainerItemProxy section */
		CE7AB63E1F7EF93200BCC383 /* PBXContainerItemProxy */ = {
			isa = PBXContainerItemProxy;
			containerPortal = CE7AB6211F7EF93200BCC383 /* Project object */;
			proxyType = 1;
			remoteGlobalIDString = CE7AB6281F7EF93200BCC383;
			remoteInfo = "ULTURNative-Routes";
		};
		CE7AB6491F7EF93200BCC383 /* PBXContainerItemProxy */ = {
			isa = PBXContainerItemProxy;
			containerPortal = CE7AB6211F7EF93200BCC383 /* Project object */;
			proxyType = 1;
			remoteGlobalIDString = CE7AB6281F7EF93200BCC383;
			remoteInfo = "ULTURNative-Routes";
		};
/* End PBXContainerItemProxy section */

/* Begin PBXFileReference section */
		0714459A279ECBE01B18CDF3 /* Pods-ULTURNative-RoutesTests.release.xcconfig */ = {isa = PBXFileReference; includeInIndex = 1; lastKnownFileType = text.xcconfig; name = "Pods-ULTURNative-RoutesTests.release.xcconfig"; path = "Pods/Target Support Files/Pods-ULTURNative-RoutesTests/Pods-ULTURNative-RoutesTests.release.xcconfig"; sourceTree = "<group>"; };
		11CDD7E81F905A37007EBF2F /* CoreLocation.framework */ = {isa = PBXFileReference; lastKnownFileType = wrapper.framework; name = CoreLocation.framework; path = System/Library/Frameworks/CoreLocation.framework; sourceTree = SDKROOT; };
		18A8605AEC2B42739036FC4D /* Pods-ULTURNative-Routes.release.xcconfig */ = {isa = PBXFileReference; includeInIndex = 1; lastKnownFileType = text.xcconfig; name = "Pods-ULTURNative-Routes.release.xcconfig"; path = "Pods/Target Support Files/Pods-ULTURNative-Routes/Pods-ULTURNative-Routes.release.xcconfig"; sourceTree = "<group>"; };
		25589E27D15ACB035C920C9E /* Pods_ULTURNative_RoutesUITests.framework */ = {isa = PBXFileReference; explicitFileType = wrapper.framework; includeInIndex = 0; path = Pods_ULTURNative_RoutesUITests.framework; sourceTree = BUILT_PRODUCTS_DIR; };
		5A65D7AD0D3C1F84EF447587 /* Pods-ULTURNative-RoutesUITests.release.xcconfig */ = {isa = PBXFileReference; includeInIndex = 1; lastKnownFileType = text.xcconfig; name = "Pods-ULTURNative-RoutesUITests.release.xcconfig"; path = "Pods/Target Support Files/Pods-ULTURNative-RoutesUITests/Pods-ULTURNative-RoutesUITests.release.xcconfig"; sourceTree = "<group>"; };
		7C4AAE162D3FB8D6F428C4CA /* Pods_ULTURNative_RoutesTests.framework */ = {isa = PBXFileReference; explicitFileType = wrapper.framework; includeInIndex = 0; path = Pods_ULTURNative_RoutesTests.framework; sourceTree = BUILT_PRODUCTS_DIR; };
		7F3FC96E67B1A1778D77124C /* Pods-ULTURNative-RoutesUITests.debug.xcconfig */ = {isa = PBXFileReference; includeInIndex = 1; lastKnownFileType = text.xcconfig; name = "Pods-ULTURNative-RoutesUITests.debug.xcconfig"; path = "Pods/Target Support Files/Pods-ULTURNative-RoutesUITests/Pods-ULTURNative-RoutesUITests.debug.xcconfig"; sourceTree = "<group>"; };
		8F4127894D99231BA9692329 /* Pods_ULTURNative_Routes.framework */ = {isa = PBXFileReference; explicitFileType = wrapper.framework; includeInIndex = 0; path = Pods_ULTURNative_Routes.framework; sourceTree = BUILT_PRODUCTS_DIR; };
		9C79198259069FD0A3C525E1 /* Pods-ULTURNative-Routes.debug.xcconfig */ = {isa = PBXFileReference; includeInIndex = 1; lastKnownFileType = text.xcconfig; name = "Pods-ULTURNative-Routes.debug.xcconfig"; path = "Pods/Target Support Files/Pods-ULTURNative-Routes/Pods-ULTURNative-Routes.debug.xcconfig"; sourceTree = "<group>"; };
		B2C5C282799E1C67FCC8869A /* Pods-ULTURNative-RoutesTests.debug.xcconfig */ = {isa = PBXFileReference; includeInIndex = 1; lastKnownFileType = text.xcconfig; name = "Pods-ULTURNative-RoutesTests.debug.xcconfig"; path = "Pods/Target Support Files/Pods-ULTURNative-RoutesTests/Pods-ULTURNative-RoutesTests.debug.xcconfig"; sourceTree = "<group>"; };
		C93FC3F91F8832D600E19D10 /* MapKit.framework */ = {isa = PBXFileReference; lastKnownFileType = wrapper.framework; name = MapKit.framework; path = System/Library/Frameworks/MapKit.framework; sourceTree = SDKROOT; };
		CE7AB6291F7EF93200BCC383 /* ULTURNative-Routes.app */ = {isa = PBXFileReference; explicitFileType = wrapper.application; includeInIndex = 0; path = "ULTURNative-Routes.app"; sourceTree = BUILT_PRODUCTS_DIR; };
		CE7AB62C1F7EF93200BCC383 /* AppDelegate.swift */ = {isa = PBXFileReference; lastKnownFileType = sourcecode.swift; path = AppDelegate.swift; sourceTree = "<group>"; };
		CE7AB62E1F7EF93200BCC383 /* ViewController.swift */ = {isa = PBXFileReference; lastKnownFileType = sourcecode.swift; path = ViewController.swift; sourceTree = "<group>"; };
		CE7AB6311F7EF93200BCC383 /* Base */ = {isa = PBXFileReference; lastKnownFileType = file.storyboard; name = Base; path = Base.lproj/Main.storyboard; sourceTree = "<group>"; };
		CE7AB6331F7EF93200BCC383 /* Assets.xcassets */ = {isa = PBXFileReference; lastKnownFileType = folder.assetcatalog; path = Assets.xcassets; sourceTree = "<group>"; };
		CE7AB6361F7EF93200BCC383 /* Base */ = {isa = PBXFileReference; lastKnownFileType = file.storyboard; name = Base; path = Base.lproj/LaunchScreen.storyboard; sourceTree = "<group>"; };
		CE7AB6381F7EF93200BCC383 /* Info.plist */ = {isa = PBXFileReference; lastKnownFileType = text.plist.xml; path = Info.plist; sourceTree = "<group>"; };
		CE7AB63D1F7EF93200BCC383 /* ULTURNative-RoutesTests.xctest */ = {isa = PBXFileReference; explicitFileType = wrapper.cfbundle; includeInIndex = 0; path = "ULTURNative-RoutesTests.xctest"; sourceTree = BUILT_PRODUCTS_DIR; };
		CE7AB6411F7EF93200BCC383 /* ULTURNative_RoutesTests.swift */ = {isa = PBXFileReference; lastKnownFileType = sourcecode.swift; path = ULTURNative_RoutesTests.swift; sourceTree = "<group>"; };
		CE7AB6431F7EF93200BCC383 /* Info.plist */ = {isa = PBXFileReference; lastKnownFileType = text.plist.xml; path = Info.plist; sourceTree = "<group>"; };
		CE7AB6481F7EF93200BCC383 /* ULTURNative-RoutesUITests.xctest */ = {isa = PBXFileReference; explicitFileType = wrapper.cfbundle; includeInIndex = 0; path = "ULTURNative-RoutesUITests.xctest"; sourceTree = BUILT_PRODUCTS_DIR; };
		CE7AB64C1F7EF93200BCC383 /* ULTURNative_RoutesUITests.swift */ = {isa = PBXFileReference; lastKnownFileType = sourcecode.swift; path = ULTURNative_RoutesUITests.swift; sourceTree = "<group>"; };
		CE7AB64E1F7EF93200BCC383 /* Info.plist */ = {isa = PBXFileReference; lastKnownFileType = text.plist.xml; path = Info.plist; sourceTree = "<group>"; };
/* End PBXFileReference section */

/* Begin PBXFrameworksBuildPhase section */
		CE7AB6261F7EF93200BCC383 /* Frameworks */ = {
			isa = PBXFrameworksBuildPhase;
			buildActionMask = 2147483647;
			files = (
				11CDD7E91F905A37007EBF2F /* CoreLocation.framework in Frameworks */,
				C93FC3FA1F8832D600E19D10 /* MapKit.framework in Frameworks */,
				ED3FDF189239C2A3DD4E5936 /* Pods_ULTURNative_Routes.framework in Frameworks */,
			);
			runOnlyForDeploymentPostprocessing = 0;
		};
		CE7AB63A1F7EF93200BCC383 /* Frameworks */ = {
			isa = PBXFrameworksBuildPhase;
			buildActionMask = 2147483647;
			files = (
				73FF996435DB06EF65E8950B /* Pods_ULTURNative_RoutesTests.framework in Frameworks */,
			);
			runOnlyForDeploymentPostprocessing = 0;
		};
		CE7AB6451F7EF93200BCC383 /* Frameworks */ = {
			isa = PBXFrameworksBuildPhase;
			buildActionMask = 2147483647;
			files = (
				16206800C2D7BF95555F7816 /* Pods_ULTURNative_RoutesUITests.framework in Frameworks */,
			);
			runOnlyForDeploymentPostprocessing = 0;
		};
/* End PBXFrameworksBuildPhase section */

/* Begin PBXGroup section */
		A35981ABD25D894FB0A4F776 /* Frameworks */ = {
			isa = PBXGroup;
			children = (
				11CDD7E81F905A37007EBF2F /* CoreLocation.framework */,
				C93FC3F91F8832D600E19D10 /* MapKit.framework */,
				8F4127894D99231BA9692329 /* Pods_ULTURNative_Routes.framework */,
				7C4AAE162D3FB8D6F428C4CA /* Pods_ULTURNative_RoutesTests.framework */,
				25589E27D15ACB035C920C9E /* Pods_ULTURNative_RoutesUITests.framework */,
			);
			name = Frameworks;
			sourceTree = "<group>";
		};
		CE7AB6201F7EF93200BCC383 = {
			isa = PBXGroup;
			children = (
				CE7AB62B1F7EF93200BCC383 /* ULTURNative-Routes */,
				CE7AB6401F7EF93200BCC383 /* ULTURNative-RoutesTests */,
				CE7AB64B1F7EF93200BCC383 /* ULTURNative-RoutesUITests */,
				CE7AB62A1F7EF93200BCC383 /* Products */,
				D5813E954CD9C8734A89653C /* Pods */,
				A35981ABD25D894FB0A4F776 /* Frameworks */,
			);
			sourceTree = "<group>";
		};
		CE7AB62A1F7EF93200BCC383 /* Products */ = {
			isa = PBXGroup;
			children = (
				CE7AB6291F7EF93200BCC383 /* ULTURNative-Routes.app */,
				CE7AB63D1F7EF93200BCC383 /* ULTURNative-RoutesTests.xctest */,
				CE7AB6481F7EF93200BCC383 /* ULTURNative-RoutesUITests.xctest */,
			);
			name = Products;
			sourceTree = "<group>";
		};
		CE7AB62B1F7EF93200BCC383 /* ULTURNative-Routes */ = {
			isa = PBXGroup;
			children = (
				CE7AB62C1F7EF93200BCC383 /* AppDelegate.swift */,
				CE7AB62E1F7EF93200BCC383 /* ViewController.swift */,
				CE7AB6301F7EF93200BCC383 /* Main.storyboard */,
				CE7AB6331F7EF93200BCC383 /* Assets.xcassets */,
				CE7AB6351F7EF93200BCC383 /* LaunchScreen.storyboard */,
				CE7AB6381F7EF93200BCC383 /* Info.plist */,
			);
			path = "ULTURNative-Routes";
			sourceTree = "<group>";
		};
		CE7AB6401F7EF93200BCC383 /* ULTURNative-RoutesTests */ = {
			isa = PBXGroup;
			children = (
				CE7AB6411F7EF93200BCC383 /* ULTURNative_RoutesTests.swift */,
				CE7AB6431F7EF93200BCC383 /* Info.plist */,
			);
			path = "ULTURNative-RoutesTests";
			sourceTree = "<group>";
		};
		CE7AB64B1F7EF93200BCC383 /* ULTURNative-RoutesUITests */ = {
			isa = PBXGroup;
			children = (
				CE7AB64C1F7EF93200BCC383 /* ULTURNative_RoutesUITests.swift */,
				CE7AB64E1F7EF93200BCC383 /* Info.plist */,
			);
			path = "ULTURNative-RoutesUITests";
			sourceTree = "<group>";
		};
		D5813E954CD9C8734A89653C /* Pods */ = {
			isa = PBXGroup;
			children = (
				9C79198259069FD0A3C525E1 /* Pods-ULTURNative-Routes.debug.xcconfig */,
				18A8605AEC2B42739036FC4D /* Pods-ULTURNative-Routes.release.xcconfig */,
				B2C5C282799E1C67FCC8869A /* Pods-ULTURNative-RoutesTests.debug.xcconfig */,
				0714459A279ECBE01B18CDF3 /* Pods-ULTURNative-RoutesTests.release.xcconfig */,
				7F3FC96E67B1A1778D77124C /* Pods-ULTURNative-RoutesUITests.debug.xcconfig */,
				5A65D7AD0D3C1F84EF447587 /* Pods-ULTURNative-RoutesUITests.release.xcconfig */,
			);
			name = Pods;
			sourceTree = "<group>";
		};
/* End PBXGroup section */

/* Begin PBXNativeTarget section */
		CE7AB6281F7EF93200BCC383 /* ULTURNative-Routes */ = {
			isa = PBXNativeTarget;
			buildConfigurationList = CE7AB6511F7EF93200BCC383 /* Build configuration list for PBXNativeTarget "ULTURNative-Routes" */;
			buildPhases = (
				91B4D4588F2C4DF2272C6271 /* [CP] Check Pods Manifest.lock */,
				CE7AB6251F7EF93200BCC383 /* Sources */,
				CE7AB6261F7EF93200BCC383 /* Frameworks */,
				CE7AB6271F7EF93200BCC383 /* Resources */,
				4CB8C04EF49382A8054C5B6A /* [CP] Embed Pods Frameworks */,
				D85F254C7254F7FE07BDBA30 /* [CP] Copy Pods Resources */,
			);
			buildRules = (
			);
			dependencies = (
			);
			name = "ULTURNative-Routes";
			productName = "ULTURNative-Routes";
			productReference = CE7AB6291F7EF93200BCC383 /* ULTURNative-Routes.app */;
			productType = "com.apple.product-type.application";
		};
		CE7AB63C1F7EF93200BCC383 /* ULTURNative-RoutesTests */ = {
			isa = PBXNativeTarget;
			buildConfigurationList = CE7AB6541F7EF93200BCC383 /* Build configuration list for PBXNativeTarget "ULTURNative-RoutesTests" */;
			buildPhases = (
				ABCF2C65E6AF5B9A1535BEB0 /* [CP] Check Pods Manifest.lock */,
				CE7AB6391F7EF93200BCC383 /* Sources */,
				CE7AB63A1F7EF93200BCC383 /* Frameworks */,
				CE7AB63B1F7EF93200BCC383 /* Resources */,
				7E0FEFAD93DD48449CA86812 /* [CP] Embed Pods Frameworks */,
				D4B607CF88B1E21BF6067242 /* [CP] Copy Pods Resources */,
			);
			buildRules = (
			);
			dependencies = (
				CE7AB63F1F7EF93200BCC383 /* PBXTargetDependency */,
			);
			name = "ULTURNative-RoutesTests";
			productName = "ULTURNative-RoutesTests";
			productReference = CE7AB63D1F7EF93200BCC383 /* ULTURNative-RoutesTests.xctest */;
			productType = "com.apple.product-type.bundle.unit-test";
		};
		CE7AB6471F7EF93200BCC383 /* ULTURNative-RoutesUITests */ = {
			isa = PBXNativeTarget;
			buildConfigurationList = CE7AB6571F7EF93200BCC383 /* Build configuration list for PBXNativeTarget "ULTURNative-RoutesUITests" */;
			buildPhases = (
				6C83883015B2DCAE57DE6F66 /* [CP] Check Pods Manifest.lock */,
				CE7AB6441F7EF93200BCC383 /* Sources */,
				CE7AB6451F7EF93200BCC383 /* Frameworks */,
				CE7AB6461F7EF93200BCC383 /* Resources */,
				AA400BDF3448FA7F093D5D52 /* [CP] Embed Pods Frameworks */,
				0011BBFE2FD5972EC54B7FF7 /* [CP] Copy Pods Resources */,
			);
			buildRules = (
			);
			dependencies = (
				CE7AB64A1F7EF93200BCC383 /* PBXTargetDependency */,
			);
			name = "ULTURNative-RoutesUITests";
			productName = "ULTURNative-RoutesUITests";
			productReference = CE7AB6481F7EF93200BCC383 /* ULTURNative-RoutesUITests.xctest */;
			productType = "com.apple.product-type.bundle.ui-testing";
		};
/* End PBXNativeTarget section */

/* Begin PBXProject section */
		CE7AB6211F7EF93200BCC383 /* Project object */ = {
			isa = PBXProject;
			attributes = {
				LastSwiftUpdateCheck = 0900;
				LastUpgradeCheck = 0900;
				ORGANIZATIONNAME = Etome;
				TargetAttributes = {
					CE7AB6281F7EF93200BCC383 = {
						CreatedOnToolsVersion = 9.0;
						ProvisioningStyle = Automatic;
						SystemCapabilities = {
							com.apple.Maps.iOS = {
								enabled = 1;
							};
						};
					};
					CE7AB63C1F7EF93200BCC383 = {
						CreatedOnToolsVersion = 9.0;
						ProvisioningStyle = Automatic;
						TestTargetID = CE7AB6281F7EF93200BCC383;
					};
					CE7AB6471F7EF93200BCC383 = {
						CreatedOnToolsVersion = 9.0;
						ProvisioningStyle = Automatic;
						TestTargetID = CE7AB6281F7EF93200BCC383;
					};
				};
			};
			buildConfigurationList = CE7AB6241F7EF93200BCC383 /* Build configuration list for PBXProject "ULTURNative-Routes" */;
			compatibilityVersion = "Xcode 8.0";
			developmentRegion = en;
			hasScannedForEncodings = 0;
			knownRegions = (
				en,
				Base,
			);
			mainGroup = CE7AB6201F7EF93200BCC383;
			productRefGroup = CE7AB62A1F7EF93200BCC383 /* Products */;
			projectDirPath = "";
			projectRoot = "";
			targets = (
				CE7AB6281F7EF93200BCC383 /* ULTURNative-Routes */,
				CE7AB63C1F7EF93200BCC383 /* ULTURNative-RoutesTests */,
				CE7AB6471F7EF93200BCC383 /* ULTURNative-RoutesUITests */,
			);
		};
/* End PBXProject section */

/* Begin PBXResourcesBuildPhase section */
		CE7AB6271F7EF93200BCC383 /* Resources */ = {
			isa = PBXResourcesBuildPhase;
			buildActionMask = 2147483647;
			files = (
				CE7AB6371F7EF93200BCC383 /* LaunchScreen.storyboard in Resources */,
				CE7AB6341F7EF93200BCC383 /* Assets.xcassets in Resources */,
				CE7AB6321F7EF93200BCC383 /* Main.storyboard in Resources */,
			);
			runOnlyForDeploymentPostprocessing = 0;
		};
		CE7AB63B1F7EF93200BCC383 /* Resources */ = {
			isa = PBXResourcesBuildPhase;
			buildActionMask = 2147483647;
			files = (
			);
			runOnlyForDeploymentPostprocessing = 0;
		};
		CE7AB6461F7EF93200BCC383 /* Resources */ = {
			isa = PBXResourcesBuildPhase;
			buildActionMask = 2147483647;
			files = (
			);
			runOnlyForDeploymentPostprocessing = 0;
		};
/* End PBXResourcesBuildPhase section */

/* Begin PBXShellScriptBuildPhase section */
		0011BBFE2FD5972EC54B7FF7 /* [CP] Copy Pods Resources */ = {
			isa = PBXShellScriptBuildPhase;
			buildActionMask = 2147483647;
			files = (
			);
			inputPaths = (
			);
			name = "[CP] Copy Pods Resources";
			outputPaths = (
			);
			runOnlyForDeploymentPostprocessing = 0;
			shellPath = /bin/sh;
			shellScript = "\"${SRCROOT}/Pods/Target Support Files/Pods-ULTURNative-RoutesUITests/Pods-ULTURNative-RoutesUITests-resources.sh\"\n";
			showEnvVarsInLog = 0;
		};
		4CB8C04EF49382A8054C5B6A /* [CP] Embed Pods Frameworks */ = {
			isa = PBXShellScriptBuildPhase;
			buildActionMask = 2147483647;
			files = (
			);
			inputPaths = (
				"${SRCROOT}/Pods/Target Support Files/Pods-ULTURNative-Routes/Pods-ULTURNative-Routes-frameworks.sh",
				"${PODS_ROOT}/Mapbox-iOS-SDK/dynamic/Mapbox.framework",
				"${PODS_ROOT}/Mapbox-iOS-SDK/dynamic/Mapbox.framework.dSYM",
			);
			name = "[CP] Embed Pods Frameworks";
			outputPaths = (
				"${TARGET_BUILD_DIR}/${FRAMEWORKS_FOLDER_PATH}/Mapbox.framework",
				"${DWARF_DSYM_FOLDER_PATH}/Mapbox.framework.dSYM",
			);
			runOnlyForDeploymentPostprocessing = 0;
			shellPath = /bin/sh;
			shellScript = "\"${SRCROOT}/Pods/Target Support Files/Pods-ULTURNative-Routes/Pods-ULTURNative-Routes-frameworks.sh\"\n";
			showEnvVarsInLog = 0;
		};
		6C83883015B2DCAE57DE6F66 /* [CP] Check Pods Manifest.lock */ = {
			isa = PBXShellScriptBuildPhase;
			buildActionMask = 2147483647;
			files = (
			);
			inputPaths = (
				"${PODS_PODFILE_DIR_PATH}/Podfile.lock",
				"${PODS_ROOT}/Manifest.lock",
			);
			name = "[CP] Check Pods Manifest.lock";
			outputPaths = (
				"$(DERIVED_FILE_DIR)/Pods-ULTURNative-RoutesUITests-checkManifestLockResult.txt",
			);
			runOnlyForDeploymentPostprocessing = 0;
			shellPath = /bin/sh;
			shellScript = "diff \"${PODS_PODFILE_DIR_PATH}/Podfile.lock\" \"${PODS_ROOT}/Manifest.lock\" > /dev/null\nif [ $? != 0 ] ; then\n    # print error to STDERR\n    echo \"error: The sandbox is not in sync with the Podfile.lock. Run 'pod install' or update your CocoaPods installation.\" >&2\n    exit 1\nfi\n# This output is used by Xcode 'outputs' to avoid re-running this script phase.\necho \"SUCCESS\" > \"${SCRIPT_OUTPUT_FILE_0}\"\n";
			showEnvVarsInLog = 0;
		};
		7E0FEFAD93DD48449CA86812 /* [CP] Embed Pods Frameworks */ = {
			isa = PBXShellScriptBuildPhase;
			buildActionMask = 2147483647;
			files = (
			);
			inputPaths = (
			);
			name = "[CP] Embed Pods Frameworks";
			outputPaths = (
			);
			runOnlyForDeploymentPostprocessing = 0;
			shellPath = /bin/sh;
			shellScript = "\"${SRCROOT}/Pods/Target Support Files/Pods-ULTURNative-RoutesTests/Pods-ULTURNative-RoutesTests-frameworks.sh\"\n";
			showEnvVarsInLog = 0;
		};
		91B4D4588F2C4DF2272C6271 /* [CP] Check Pods Manifest.lock */ = {
			isa = PBXShellScriptBuildPhase;
			buildActionMask = 2147483647;
			files = (
			);
			inputPaths = (
				"${PODS_PODFILE_DIR_PATH}/Podfile.lock",
				"${PODS_ROOT}/Manifest.lock",
			);
			name = "[CP] Check Pods Manifest.lock";
			outputPaths = (
				"$(DERIVED_FILE_DIR)/Pods-ULTURNative-Routes-checkManifestLockResult.txt",
			);
			runOnlyForDeploymentPostprocessing = 0;
			shellPath = /bin/sh;
			shellScript = "diff \"${PODS_PODFILE_DIR_PATH}/Podfile.lock\" \"${PODS_ROOT}/Manifest.lock\" > /dev/null\nif [ $? != 0 ] ; then\n    # print error to STDERR\n    echo \"error: The sandbox is not in sync with the Podfile.lock. Run 'pod install' or update your CocoaPods installation.\" >&2\n    exit 1\nfi\n# This output is used by Xcode 'outputs' to avoid re-running this script phase.\necho \"SUCCESS\" > \"${SCRIPT_OUTPUT_FILE_0}\"\n";
			showEnvVarsInLog = 0;
		};
		AA400BDF3448FA7F093D5D52 /* [CP] Embed Pods Frameworks */ = {
			isa = PBXShellScriptBuildPhase;
			buildActionMask = 2147483647;
			files = (
			);
			inputPaths = (
			);
			name = "[CP] Embed Pods Frameworks";
			outputPaths = (
			);
			runOnlyForDeploymentPostprocessing = 0;
			shellPath = /bin/sh;
			shellScript = "\"${SRCROOT}/Pods/Target Support Files/Pods-ULTURNative-RoutesUITests/Pods-ULTURNative-RoutesUITests-frameworks.sh\"\n";
			showEnvVarsInLog = 0;
		};
		ABCF2C65E6AF5B9A1535BEB0 /* [CP] Check Pods Manifest.lock */ = {
			isa = PBXShellScriptBuildPhase;
			buildActionMask = 2147483647;
			files = (
			);
			inputPaths = (
				"${PODS_PODFILE_DIR_PATH}/Podfile.lock",
				"${PODS_ROOT}/Manifest.lock",
			);
			name = "[CP] Check Pods Manifest.lock";
			outputPaths = (
				"$(DERIVED_FILE_DIR)/Pods-ULTURNative-RoutesTests-checkManifestLockResult.txt",
			);
			runOnlyForDeploymentPostprocessing = 0;
			shellPath = /bin/sh;
			shellScript = "diff \"${PODS_PODFILE_DIR_PATH}/Podfile.lock\" \"${PODS_ROOT}/Manifest.lock\" > /dev/null\nif [ $? != 0 ] ; then\n    # print error to STDERR\n    echo \"error: The sandbox is not in sync with the Podfile.lock. Run 'pod install' or update your CocoaPods installation.\" >&2\n    exit 1\nfi\n# This output is used by Xcode 'outputs' to avoid re-running this script phase.\necho \"SUCCESS\" > \"${SCRIPT_OUTPUT_FILE_0}\"\n";
			showEnvVarsInLog = 0;
		};
		D4B607CF88B1E21BF6067242 /* [CP] Copy Pods Resources */ = {
			isa = PBXShellScriptBuildPhase;
			buildActionMask = 2147483647;
			files = (
			);
			inputPaths = (
			);
			name = "[CP] Copy Pods Resources";
			outputPaths = (
			);
			runOnlyForDeploymentPostprocessing = 0;
			shellPath = /bin/sh;
			shellScript = "\"${SRCROOT}/Pods/Target Support Files/Pods-ULTURNative-RoutesTests/Pods-ULTURNative-RoutesTests-resources.sh\"\n";
			showEnvVarsInLog = 0;
		};
		D85F254C7254F7FE07BDBA30 /* [CP] Copy Pods Resources */ = {
			isa = PBXShellScriptBuildPhase;
			buildActionMask = 2147483647;
			files = (
			);
			inputPaths = (
			);
			name = "[CP] Copy Pods Resources";
			outputPaths = (
			);
			runOnlyForDeploymentPostprocessing = 0;
			shellPath = /bin/sh;
			shellScript = "\"${SRCROOT}/Pods/Target Support Files/Pods-ULTURNative-Routes/Pods-ULTURNative-Routes-resources.sh\"\n";
			showEnvVarsInLog = 0;
		};
/* End PBXShellScriptBuildPhase section */

/* Begin PBXSourcesBuildPhase section */
		CE7AB6251F7EF93200BCC383 /* Sources */ = {
			isa = PBXSourcesBuildPhase;
			buildActionMask = 2147483647;
			files = (
				CE7AB62F1F7EF93200BCC383 /* ViewController.swift in Sources */,
				CE7AB62D1F7EF93200BCC383 /* AppDelegate.swift in Sources */,
			);
			runOnlyForDeploymentPostprocessing = 0;
		};
		CE7AB6391F7EF93200BCC383 /* Sources */ = {
			isa = PBXSourcesBuildPhase;
			buildActionMask = 2147483647;
			files = (
				CE7AB6421F7EF93200BCC383 /* ULTURNative_RoutesTests.swift in Sources */,
			);
			runOnlyForDeploymentPostprocessing = 0;
		};
		CE7AB6441F7EF93200BCC383 /* Sources */ = {
			isa = PBXSourcesBuildPhase;
			buildActionMask = 2147483647;
			files = (
				CE7AB64D1F7EF93200BCC383 /* ULTURNative_RoutesUITests.swift in Sources */,
			);
			runOnlyForDeploymentPostprocessing = 0;
		};
/* End PBXSourcesBuildPhase section */

/* Begin PBXTargetDependency section */
		CE7AB63F1F7EF93200BCC383 /* PBXTargetDependency */ = {
			isa = PBXTargetDependency;
			target = CE7AB6281F7EF93200BCC383 /* ULTURNative-Routes */;
			targetProxy = CE7AB63E1F7EF93200BCC383 /* PBXContainerItemProxy */;
		};
		CE7AB64A1F7EF93200BCC383 /* PBXTargetDependency */ = {
			isa = PBXTargetDependency;
			target = CE7AB6281F7EF93200BCC383 /* ULTURNative-Routes */;
			targetProxy = CE7AB6491F7EF93200BCC383 /* PBXContainerItemProxy */;
		};
/* End PBXTargetDependency section */

/* Begin PBXVariantGroup section */
		CE7AB6301F7EF93200BCC383 /* Main.storyboard */ = {
			isa = PBXVariantGroup;
			children = (
				CE7AB6311F7EF93200BCC383 /* Base */,
			);
			name = Main.storyboard;
			sourceTree = "<group>";
		};
		CE7AB6351F7EF93200BCC383 /* LaunchScreen.storyboard */ = {
			isa = PBXVariantGroup;
			children = (
				CE7AB6361F7EF93200BCC383 /* Base */,
			);
			name = LaunchScreen.storyboard;
			sourceTree = "<group>";
		};
/* End PBXVariantGroup section */

/* Begin XCBuildConfiguration section */
		CE7AB64F1F7EF93200BCC383 /* Debug */ = {
			isa = XCBuildConfiguration;
			buildSettings = {
				ALWAYS_SEARCH_USER_PATHS = NO;
				CLANG_ANALYZER_NONNULL = YES;
				CLANG_ANALYZER_NUMBER_OBJECT_CONVERSION = YES_AGGRESSIVE;
				CLANG_CXX_LANGUAGE_STANDARD = "gnu++14";
				CLANG_CXX_LIBRARY = "libc++";
				CLANG_ENABLE_MODULES = YES;
				CLANG_ENABLE_OBJC_ARC = YES;
				CLANG_WARN_BLOCK_CAPTURE_AUTORELEASING = YES;
				CLANG_WARN_BOOL_CONVERSION = YES;
				CLANG_WARN_COMMA = YES;
				CLANG_WARN_CONSTANT_CONVERSION = YES;
				CLANG_WARN_DIRECT_OBJC_ISA_USAGE = YES_ERROR;
				CLANG_WARN_DOCUMENTATION_COMMENTS = YES;
				CLANG_WARN_EMPTY_BODY = YES;
				CLANG_WARN_ENUM_CONVERSION = YES;
				CLANG_WARN_INFINITE_RECURSION = YES;
				CLANG_WARN_INT_CONVERSION = YES;
				CLANG_WARN_NON_LITERAL_NULL_CONVERSION = YES;
				CLANG_WARN_OBJC_LITERAL_CONVERSION = YES;
				CLANG_WARN_OBJC_ROOT_CLASS = YES_ERROR;
				CLANG_WARN_RANGE_LOOP_ANALYSIS = YES;
				CLANG_WARN_STRICT_PROTOTYPES = YES;
				CLANG_WARN_SUSPICIOUS_MOVE = YES;
				CLANG_WARN_UNGUARDED_AVAILABILITY = YES_AGGRESSIVE;
				CLANG_WARN_UNREACHABLE_CODE = YES;
				CLANG_WARN__DUPLICATE_METHOD_MATCH = YES;
				CODE_SIGN_IDENTITY = "iPhone Developer";
				COPY_PHASE_STRIP = NO;
				DEBUG_INFORMATION_FORMAT = dwarf;
				ENABLE_STRICT_OBJC_MSGSEND = YES;
				ENABLE_TESTABILITY = YES;
				GCC_C_LANGUAGE_STANDARD = gnu11;
				GCC_DYNAMIC_NO_PIC = NO;
				GCC_NO_COMMON_BLOCKS = YES;
				GCC_OPTIMIZATION_LEVEL = 0;
				GCC_PREPROCESSOR_DEFINITIONS = (
					"DEBUG=1",
					"$(inherited)",
				);
				GCC_WARN_64_TO_32_BIT_CONVERSION = YES;
				GCC_WARN_ABOUT_RETURN_TYPE = YES_ERROR;
				GCC_WARN_UNDECLARED_SELECTOR = YES;
				GCC_WARN_UNINITIALIZED_AUTOS = YES_AGGRESSIVE;
				GCC_WARN_UNUSED_FUNCTION = YES;
				GCC_WARN_UNUSED_VARIABLE = YES;
				IPHONEOS_DEPLOYMENT_TARGET = 11.0;
				MTL_ENABLE_DEBUG_INFO = YES;
				ONLY_ACTIVE_ARCH = YES;
				SDKROOT = iphoneos;
				SWIFT_ACTIVE_COMPILATION_CONDITIONS = DEBUG;
				SWIFT_OPTIMIZATION_LEVEL = "-Onone";
			};
			name = Debug;
		};
		CE7AB6501F7EF93200BCC383 /* Release */ = {
			isa = XCBuildConfiguration;
			buildSettings = {
				ALWAYS_SEARCH_USER_PATHS = NO;
				CLANG_ANALYZER_NONNULL = YES;
				CLANG_ANALYZER_NUMBER_OBJECT_CONVERSION = YES_AGGRESSIVE;
				CLANG_CXX_LANGUAGE_STANDARD = "gnu++14";
				CLANG_CXX_LIBRARY = "libc++";
				CLANG_ENABLE_MODULES = YES;
				CLANG_ENABLE_OBJC_ARC = YES;
				CLANG_WARN_BLOCK_CAPTURE_AUTORELEASING = YES;
				CLANG_WARN_BOOL_CONVERSION = YES;
				CLANG_WARN_COMMA = YES;
				CLANG_WARN_CONSTANT_CONVERSION = YES;
				CLANG_WARN_DIRECT_OBJC_ISA_USAGE = YES_ERROR;
				CLANG_WARN_DOCUMENTATION_COMMENTS = YES;
				CLANG_WARN_EMPTY_BODY = YES;
				CLANG_WARN_ENUM_CONVERSION = YES;
				CLANG_WARN_INFINITE_RECURSION = YES;
				CLANG_WARN_INT_CONVERSION = YES;
				CLANG_WARN_NON_LITERAL_NULL_CONVERSION = YES;
				CLANG_WARN_OBJC_LITERAL_CONVERSION = YES;
				CLANG_WARN_OBJC_ROOT_CLASS = YES_ERROR;
				CLANG_WARN_RANGE_LOOP_ANALYSIS = YES;
				CLANG_WARN_STRICT_PROTOTYPES = YES;
				CLANG_WARN_SUSPICIOUS_MOVE = YES;
				CLANG_WARN_UNGUARDED_AVAILABILITY = YES_AGGRESSIVE;
				CLANG_WARN_UNREACHABLE_CODE = YES;
				CLANG_WARN__DUPLICATE_METHOD_MATCH = YES;
				CODE_SIGN_IDENTITY = "iPhone Developer";
				COPY_PHASE_STRIP = NO;
				DEBUG_INFORMATION_FORMAT = "dwarf-with-dsym";
				ENABLE_NS_ASSERTIONS = NO;
				ENABLE_STRICT_OBJC_MSGSEND = YES;
				GCC_C_LANGUAGE_STANDARD = gnu11;
				GCC_NO_COMMON_BLOCKS = YES;
				GCC_WARN_64_TO_32_BIT_CONVERSION = YES;
				GCC_WARN_ABOUT_RETURN_TYPE = YES_ERROR;
				GCC_WARN_UNDECLARED_SELECTOR = YES;
				GCC_WARN_UNINITIALIZED_AUTOS = YES_AGGRESSIVE;
				GCC_WARN_UNUSED_FUNCTION = YES;
				GCC_WARN_UNUSED_VARIABLE = YES;
				IPHONEOS_DEPLOYMENT_TARGET = 11.0;
				MTL_ENABLE_DEBUG_INFO = NO;
				SDKROOT = iphoneos;
				SWIFT_OPTIMIZATION_LEVEL = "-Owholemodule";
				VALIDATE_PRODUCT = YES;
			};
			name = Release;
		};
		CE7AB6521F7EF93200BCC383 /* Debug */ = {
			isa = XCBuildConfiguration;
			baseConfigurationReference = 9C79198259069FD0A3C525E1 /* Pods-ULTURNative-Routes.debug.xcconfig */;
			buildSettings = {
				ASSETCATALOG_COMPILER_APPICON_NAME = AppIcon;
				CODE_SIGN_STYLE = Automatic;
				DEVELOPMENT_TEAM = N6RP3H788Z;
				INFOPLIST_FILE = "ULTURNative-Routes/Info.plist";
				IPHONEOS_DEPLOYMENT_TARGET = 10.3;
				LD_RUNPATH_SEARCH_PATHS = "$(inherited) @executable_path/Frameworks";
				PRODUCT_BUNDLE_IDENTIFIER = "ThreeR1L.ULTURNative-Routes";
				PRODUCT_NAME = "$(TARGET_NAME)";
				SWIFT_VERSION = 4.0;
				TARGETED_DEVICE_FAMILY = "1,2";
			};
			name = Debug;
		};
		CE7AB6531F7EF93200BCC383 /* Release */ = {
			isa = XCBuildConfiguration;
			baseConfigurationReference = 18A8605AEC2B42739036FC4D /* Pods-ULTURNative-Routes.release.xcconfig */;
			buildSettings = {
				ASSETCATALOG_COMPILER_APPICON_NAME = AppIcon;
				CODE_SIGN_STYLE = Automatic;
				DEVELOPMENT_TEAM = N6RP3H788Z;
				INFOPLIST_FILE = "ULTURNative-Routes/Info.plist";
				IPHONEOS_DEPLOYMENT_TARGET = 10.3;
				LD_RUNPATH_SEARCH_PATHS = "$(inherited) @executable_path/Frameworks";
				PRODUCT_BUNDLE_IDENTIFIER = "ThreeR1L.ULTURNative-Routes";
				PRODUCT_NAME = "$(TARGET_NAME)";
				SWIFT_VERSION = 4.0;
				TARGETED_DEVICE_FAMILY = "1,2";
			};
			name = Release;
		};
		CE7AB6551F7EF93200BCC383 /* Debug */ = {
			isa = XCBuildConfiguration;
			baseConfigurationReference = B2C5C282799E1C67FCC8869A /* Pods-ULTURNative-RoutesTests.debug.xcconfig */;
			buildSettings = {
				ALWAYS_EMBED_SWIFT_STANDARD_LIBRARIES = YES;
				BUNDLE_LOADER = "$(TEST_HOST)";
				CODE_SIGN_STYLE = Automatic;
				INFOPLIST_FILE = "ULTURNative-RoutesTests/Info.plist";
				LD_RUNPATH_SEARCH_PATHS = "$(inherited) @executable_path/Frameworks @loader_path/Frameworks";
				PRODUCT_BUNDLE_IDENTIFIER = "ThreeR1L.ULTURNative-RoutesTests";
				PRODUCT_NAME = "$(TARGET_NAME)";
				SWIFT_VERSION = 4.0;
				TARGETED_DEVICE_FAMILY = "1,2";
				TEST_HOST = "$(BUILT_PRODUCTS_DIR)/ULTURNative-Routes.app/ULTURNative-Routes";
			};
			name = Debug;
		};
		CE7AB6561F7EF93200BCC383 /* Release */ = {
			isa = XCBuildConfiguration;
			baseConfigurationReference = 0714459A279ECBE01B18CDF3 /* Pods-ULTURNative-RoutesTests.release.xcconfig */;
			buildSettings = {
				ALWAYS_EMBED_SWIFT_STANDARD_LIBRARIES = YES;
				BUNDLE_LOADER = "$(TEST_HOST)";
				CODE_SIGN_STYLE = Automatic;
				INFOPLIST_FILE = "ULTURNative-RoutesTests/Info.plist";
				LD_RUNPATH_SEARCH_PATHS = "$(inherited) @executable_path/Frameworks @loader_path/Frameworks";
				PRODUCT_BUNDLE_IDENTIFIER = "ThreeR1L.ULTURNative-RoutesTests";
				PRODUCT_NAME = "$(TARGET_NAME)";
				SWIFT_VERSION = 4.0;
				TARGETED_DEVICE_FAMILY = "1,2";
				TEST_HOST = "$(BUILT_PRODUCTS_DIR)/ULTURNative-Routes.app/ULTURNative-Routes";
			};
			name = Release;
		};
		CE7AB6581F7EF93200BCC383 /* Debug */ = {
			isa = XCBuildConfiguration;
			baseConfigurationReference = 7F3FC96E67B1A1778D77124C /* Pods-ULTURNative-RoutesUITests.debug.xcconfig */;
			buildSettings = {
				ALWAYS_EMBED_SWIFT_STANDARD_LIBRARIES = YES;
				CODE_SIGN_STYLE = Automatic;
				INFOPLIST_FILE = "ULTURNative-RoutesUITests/Info.plist";
				LD_RUNPATH_SEARCH_PATHS = "$(inherited) @executable_path/Frameworks @loader_path/Frameworks";
				PRODUCT_BUNDLE_IDENTIFIER = "ThreeR1L.ULTURNative-RoutesUITests";
				PRODUCT_NAME = "$(TARGET_NAME)";
				SWIFT_VERSION = 4.0;
				TARGETED_DEVICE_FAMILY = "1,2";
				TEST_TARGET_NAME = "ULTURNative-Routes";
			};
			name = Debug;
		};
		CE7AB6591F7EF93200BCC383 /* Release */ = {
			isa = XCBuildConfiguration;
			baseConfigurationReference = 5A65D7AD0D3C1F84EF447587 /* Pods-ULTURNative-RoutesUITests.release.xcconfig */;
			buildSettings = {
				ALWAYS_EMBED_SWIFT_STANDARD_LIBRARIES = YES;
				CODE_SIGN_STYLE = Automatic;
				INFOPLIST_FILE = "ULTURNative-RoutesUITests/Info.plist";
				LD_RUNPATH_SEARCH_PATHS = "$(inherited) @executable_path/Frameworks @loader_path/Frameworks";
				PRODUCT_BUNDLE_IDENTIFIER = "ThreeR1L.ULTURNative-RoutesUITests";
				PRODUCT_NAME = "$(TARGET_NAME)";
				SWIFT_VERSION = 4.0;
				TARGETED_DEVICE_FAMILY = "1,2";
				TEST_TARGET_NAME = "ULTURNative-Routes";
			};
			name = Release;
		};
/* End XCBuildConfiguration section */

/* Begin XCConfigurationList section */
		CE7AB6241F7EF93200BCC383 /* Build configuration list for PBXProject "ULTURNative-Routes" */ = {
			isa = XCConfigurationList;
			buildConfigurations = (
				CE7AB64F1F7EF93200BCC383 /* Debug */,
				CE7AB6501F7EF93200BCC383 /* Release */,
			);
			defaultConfigurationIsVisible = 0;
			defaultConfigurationName = Release;
		};
		CE7AB6511F7EF93200BCC383 /* Build configuration list for PBXNativeTarget "ULTURNative-Routes" */ = {
			isa = XCConfigurationList;
			buildConfigurations = (
				CE7AB6521F7EF93200BCC383 /* Debug */,
				CE7AB6531F7EF93200BCC383 /* Release */,
			);
			defaultConfigurationIsVisible = 0;
			defaultConfigurationName = Release;
		};
		CE7AB6541F7EF93200BCC383 /* Build configuration list for PBXNativeTarget "ULTURNative-RoutesTests" */ = {
			isa = XCConfigurationList;
			buildConfigurations = (
				CE7AB6551F7EF93200BCC383 /* Debug */,
				CE7AB6561F7EF93200BCC383 /* Release */,
			);
			defaultConfigurationIsVisible = 0;
			defaultConfigurationName = Release;
		};
		CE7AB6571F7EF93200BCC383 /* Build configuration list for PBXNativeTarget "ULTURNative-RoutesUITests" */ = {
			isa = XCConfigurationList;
			buildConfigurations = (
				CE7AB6581F7EF93200BCC383 /* Debug */,
				CE7AB6591F7EF93200BCC383 /* Release */,
			);
			defaultConfigurationIsVisible = 0;
			defaultConfigurationName = Release;
		};
/* End XCConfigurationList section */
	};
	rootObject = CE7AB6211F7EF93200BCC383 /* Project object */;
}
